
Microsoft Visual Studio Solution File, Format Version 12.00
Project("{2150E333-8FDC-42A3-9474-1A3956D46DE8}") = "src", "src", "{8A404183-C622-462A-82AB-FD5087C85681}"
EndProject
Project("{FAE04EC0-301F-11D3-BF4B-00C04F79EFBC}") = "LargeFileCreator", "src\LargeFileCreator\LargeFileCreator.csproj", "{CA087590-6721-454C-BD3C-9F84E5AF7388}"
EndProject
Project("{FAE04EC0-301F-11D3-BF4B-00C04F79EFBC}") = "LargeFileSorter", "src\LargeFileSorter\LargeFileSorter.csproj", "{48EA0142-E469-453A-B0BB-AB43B86F9912}"
EndProject
Project("{2150E333-8FDC-42A3-9474-1A3956D46DE8}") = "test", "test", "{9EB9126D-2599-4615-9C91-881CEBA87631}"
EndProject
Project("{FAE04EC0-301F-11D3-BF4B-00C04F79EFBC}") = "LargeFileSorter.Benchmarks", "LargeFileSorter.Benchmarks\LargeFileSorter.Benchmarks.csproj", "{07B5E969-9770-423C-9B40-BD3A64B5BA09}"
EndProject
Global
	GlobalSection(SolutionConfigurationPlatforms) = preSolution
		Debug|Any CPU = Debug|Any CPU
		Release|Any CPU = Release|Any CPU
	EndGlobalSection
	GlobalSection(ProjectConfigurationPlatforms) = postSolution
		{CA087590-6721-454C-BD3C-9F84E5AF7388}.Release|Any CPU.ActiveCfg = Release|Any CPU
		{CA087590-6721-454C-BD3C-9F84E5AF7388}.Release|Any CPU.Build.0 = Release|Any CPU
		{CA087590-6721-454C-BD3C-9F84E5AF7388}.Debug|Any CPU.ActiveCfg = Release|Any CPU
		{CA087590-6721-454C-BD3C-9F84E5AF7388}.Debug|Any CPU.Build.0 = Release|Any CPU
		{48EA0142-E469-453A-B0BB-AB43B86F9912}.Release|Any CPU.ActiveCfg = Release|Any CPU
		{48EA0142-E469-453A-B0BB-AB43B86F9912}.Release|Any CPU.Build.0 = Release|Any CPU
		{48EA0142-E469-453A-B0BB-AB43B86F9912}.Debug|Any CPU.ActiveCfg = Release|Any CPU
		{48EA0142-E469-453A-B0BB-AB43B86F9912}.Debug|Any CPU.Build.0 = Release|Any CPU
		{07B5E969-9770-423C-9B40-BD3A64B5BA09}.Release|Any CPU.ActiveCfg = Release|Any CPU
		{07B5E969-9770-423C-9B40-BD3A64B5BA09}.Release|Any CPU.Build.0 = Release|Any CPU
		{07B5E969-9770-423C-9B40-BD3A64B5BA09}.Debug|Any CPU.ActiveCfg = Release|Any CPU
		{07B5E969-9770-423C-9B40-BD3A64B5BA09}.Debug|Any CPU.Build.0 = Release|Any CPU
	EndGlobalSection
	GlobalSection(NestedProjects) = preSolution
		{CA087590-6721-454C-BD3C-9F84E5AF7388} = {8A404183-C622-462A-82AB-FD5087C85681}
		{48EA0142-E469-453A-B0BB-AB43B86F9912} = {8A404183-C622-462A-82AB-FD5087C85681}
		{07B5E969-9770-423C-9B40-BD3A64B5BA09} = {9EB9126D-2599-4615-9C91-881CEBA87631}
	EndGlobalSection
EndGlobal
